
Microsoft Visual Studio Solution File, Format Version 12.00
# Visual Studio Version 17
VisualStudioVersion = 17.0.32014.148
MinimumVisualStudioVersion = 10.0.40219.1
Project("{FAE04EC0-301F-11D3-BF4B-00C04F79EFBC}") = "EmployeeTutorial", "EmployeeTutorial.csproj", "{20324559-3752-4521-8049-41BA97512794}"
EndProject
Global
	GlobalSection(SolutionConfigurationPlatforms) = preSolution
		Debug|Any CPU = Debug|Any CPU
		Release|Any CPU = Release|Any CPU
	EndGlobalSection
	GlobalSection(ProjectConfigurationPlatforms) = postSolution
		{20324559-3752-4521-8049-41BA97512794}.Debug|Any CPU.ActiveCfg = Debug|Any CPU
		{20324559-3752-4521-8049-41BA97512794}.Debug|Any CPU.Build.0 = Debug|Any CPU
		{20324559-3752-4521-8049-41BA97512794}.Release|Any CPU.ActiveCfg = Release|Any CPU
		{20324559-3752-4521-8049-41BA97512794}.Release|Any CPU.Build.0 = Release|Any CPU
	EndGlobalSection
	GlobalSection(SolutionProperties) = preSolution
		HideSolutionNode = FALSE
	EndGlobalSection
	GlobalSection(ExtensibilityGlobals) = postSolution
		SolutionGuid = {A86B7BB6-1F52-4D54-BFF9-657CB9E70E41}
	EndGlobalSection
EndGlobal
