
Microsoft Visual Studio Solution File, Format Version 12.00
# Visual Studio Version 16
VisualStudioVersion = 16.0.31624.102
MinimumVisualStudioVersion = 10.0.40219.1
Project("{FAE04EC0-301F-11D3-BF4B-00C04F79EFBC}") = "LiveClass-Nov18", "LiveClass-Nov18.csproj", "{EA47A40D-087C-4268-8C4F-973AC3DF1A3B}"
EndProject
Global
	GlobalSection(SolutionConfigurationPlatforms) = preSolution
		Debug|Any CPU = Debug|Any CPU
		Release|Any CPU = Release|Any CPU
	EndGlobalSection
	GlobalSection(ProjectConfigurationPlatforms) = postSolution
		{EA47A40D-087C-4268-8C4F-973AC3DF1A3B}.Debug|Any CPU.ActiveCfg = Debug|Any CPU
		{EA47A40D-087C-4268-8C4F-973AC3DF1A3B}.Debug|Any CPU.Build.0 = Debug|Any CPU
		{EA47A40D-087C-4268-8C4F-973AC3DF1A3B}.Release|Any CPU.ActiveCfg = Release|Any CPU
		{EA47A40D-087C-4268-8C4F-973AC3DF1A3B}.Release|Any CPU.Build.0 = Release|Any CPU
	EndGlobalSection
	GlobalSection(SolutionProperties) = preSolution
		HideSolutionNode = FALSE
	EndGlobalSection
	GlobalSection(ExtensibilityGlobals) = postSolution
		SolutionGuid = {0701C1E4-B47A-41B0-A0C8-099C6B2002AB}
	EndGlobalSection
EndGlobal
