
Microsoft Visual Studio Solution File, Format Version 12.00
# Visual Studio Version 16
VisualStudioVersion = 16.0.31624.102
MinimumVisualStudioVersion = 10.0.40219.1
Project("{FAE04EC0-301F-11D3-BF4B-00C04F79EFBC}") = "Phase1Section4.7c", "Phase1Section4.7c\Phase1Section4.7c.csproj", "{FEEBF7B8-2119-4223-9581-BADE807095C2}"
EndProject
Global
	GlobalSection(SolutionConfigurationPlatforms) = preSolution
		Debug|Any CPU = Debug|Any CPU
		Release|Any CPU = Release|Any CPU
	EndGlobalSection
	GlobalSection(ProjectConfigurationPlatforms) = postSolution
		{FEEBF7B8-2119-4223-9581-BADE807095C2}.Debug|Any CPU.ActiveCfg = Debug|Any CPU
		{FEEBF7B8-2119-4223-9581-BADE807095C2}.Debug|Any CPU.Build.0 = Debug|Any CPU
		{FEEBF7B8-2119-4223-9581-BADE807095C2}.Release|Any CPU.ActiveCfg = Release|Any CPU
		{FEEBF7B8-2119-4223-9581-BADE807095C2}.Release|Any CPU.Build.0 = Release|Any CPU
	EndGlobalSection
	GlobalSection(SolutionProperties) = preSolution
		HideSolutionNode = FALSE
	EndGlobalSection
	GlobalSection(ExtensibilityGlobals) = postSolution
		SolutionGuid = {4294688A-BFBA-45A5-A64D-48B6AC8A09E6}
	EndGlobalSection
EndGlobal
