
Microsoft Visual Studio Solution File, Format Version 12.00
# Visual Studio Version 16
VisualStudioVersion = 16.0.31624.102
MinimumVisualStudioVersion = 10.0.40219.1
Project("{FAE04EC0-301F-11D3-BF4B-00C04F79EFBC}") = "Phase1Section5.8", "Phase1Section5.8\Phase1Section5.8.csproj", "{1AA5E7BC-282A-4819-801B-8B6A759F539B}"
EndProject
Global
	GlobalSection(SolutionConfigurationPlatforms) = preSolution
		Debug|Any CPU = Debug|Any CPU
		Release|Any CPU = Release|Any CPU
	EndGlobalSection
	GlobalSection(ProjectConfigurationPlatforms) = postSolution
		{1AA5E7BC-282A-4819-801B-8B6A759F539B}.Debug|Any CPU.ActiveCfg = Debug|Any CPU
		{1AA5E7BC-282A-4819-801B-8B6A759F539B}.Debug|Any CPU.Build.0 = Debug|Any CPU
		{1AA5E7BC-282A-4819-801B-8B6A759F539B}.Release|Any CPU.ActiveCfg = Release|Any CPU
		{1AA5E7BC-282A-4819-801B-8B6A759F539B}.Release|Any CPU.Build.0 = Release|Any CPU
	EndGlobalSection
	GlobalSection(SolutionProperties) = preSolution
		HideSolutionNode = FALSE
	EndGlobalSection
	GlobalSection(ExtensibilityGlobals) = postSolution
		SolutionGuid = {61708473-A0BF-4498-B826-FBCBAA749655}
	EndGlobalSection
EndGlobal
