
Microsoft Visual Studio Solution File, Format Version 12.00
# Visual Studio Version 16
VisualStudioVersion = 16.0.31624.102
MinimumVisualStudioVersion = 10.0.40219.1
Project("{FAE04EC0-301F-11D3-BF4B-00C04F79EFBC}") = "Phase1Section4.15", "Phase1Section4.15\Phase1Section4.15.csproj", "{E7E4CE71-9B00-432A-A38E-BE20CF5D8988}"
EndProject
Global
	GlobalSection(SolutionConfigurationPlatforms) = preSolution
		Debug|Any CPU = Debug|Any CPU
		Release|Any CPU = Release|Any CPU
	EndGlobalSection
	GlobalSection(ProjectConfigurationPlatforms) = postSolution
		{E7E4CE71-9B00-432A-A38E-BE20CF5D8988}.Debug|Any CPU.ActiveCfg = Debug|Any CPU
		{E7E4CE71-9B00-432A-A38E-BE20CF5D8988}.Debug|Any CPU.Build.0 = Debug|Any CPU
		{E7E4CE71-9B00-432A-A38E-BE20CF5D8988}.Release|Any CPU.ActiveCfg = Release|Any CPU
		{E7E4CE71-9B00-432A-A38E-BE20CF5D8988}.Release|Any CPU.Build.0 = Release|Any CPU
	EndGlobalSection
	GlobalSection(SolutionProperties) = preSolution
		HideSolutionNode = FALSE
	EndGlobalSection
	GlobalSection(ExtensibilityGlobals) = postSolution
		SolutionGuid = {A4D49626-FE99-4BD7-80A1-CA343DCBE3AC}
	EndGlobalSection
EndGlobal
