
Microsoft Visual Studio Solution File, Format Version 12.00
# Visual Studio Version 16
VisualStudioVersion = 16.0.31624.102
MinimumVisualStudioVersion = 10.0.40219.1
Project("{FAE04EC0-301F-11D3-BF4B-00C04F79EFBC}") = "Phase1Section6.6", "Phase1Section6.6\Phase1Section6.6.csproj", "{D55ADCC5-A3FA-4DA3-8F40-292748F1ACFB}"
EndProject
Global
	GlobalSection(SolutionConfigurationPlatforms) = preSolution
		Debug|Any CPU = Debug|Any CPU
		Release|Any CPU = Release|Any CPU
	EndGlobalSection
	GlobalSection(ProjectConfigurationPlatforms) = postSolution
		{D55ADCC5-A3FA-4DA3-8F40-292748F1ACFB}.Debug|Any CPU.ActiveCfg = Debug|Any CPU
		{D55ADCC5-A3FA-4DA3-8F40-292748F1ACFB}.Debug|Any CPU.Build.0 = Debug|Any CPU
		{D55ADCC5-A3FA-4DA3-8F40-292748F1ACFB}.Release|Any CPU.ActiveCfg = Release|Any CPU
		{D55ADCC5-A3FA-4DA3-8F40-292748F1ACFB}.Release|Any CPU.Build.0 = Release|Any CPU
	EndGlobalSection
	GlobalSection(SolutionProperties) = preSolution
		HideSolutionNode = FALSE
	EndGlobalSection
	GlobalSection(ExtensibilityGlobals) = postSolution
		SolutionGuid = {6E821C80-1774-4EF4-B3E3-626E821F4619}
	EndGlobalSection
EndGlobal
