
Microsoft Visual Studio Solution File, Format Version 12.00
# Visual Studio Version 16
VisualStudioVersion = 16.0.31624.102
MinimumVisualStudioVersion = 10.0.40219.1
Project("{FAE04EC0-301F-11D3-BF4B-00C04F79EFBC}") = "Phase1Section5.4", "Phase1Section5.4\Phase1Section5.4.csproj", "{BB22F2D0-456C-413B-8012-6ABE9CE8CD98}"
EndProject
Global
	GlobalSection(SolutionConfigurationPlatforms) = preSolution
		Debug|Any CPU = Debug|Any CPU
		Release|Any CPU = Release|Any CPU
	EndGlobalSection
	GlobalSection(ProjectConfigurationPlatforms) = postSolution
		{BB22F2D0-456C-413B-8012-6ABE9CE8CD98}.Debug|Any CPU.ActiveCfg = Debug|Any CPU
		{BB22F2D0-456C-413B-8012-6ABE9CE8CD98}.Debug|Any CPU.Build.0 = Debug|Any CPU
		{BB22F2D0-456C-413B-8012-6ABE9CE8CD98}.Release|Any CPU.ActiveCfg = Release|Any CPU
		{BB22F2D0-456C-413B-8012-6ABE9CE8CD98}.Release|Any CPU.Build.0 = Release|Any CPU
	EndGlobalSection
	GlobalSection(SolutionProperties) = preSolution
		HideSolutionNode = FALSE
	EndGlobalSection
	GlobalSection(ExtensibilityGlobals) = postSolution
		SolutionGuid = {CB9A36CD-0380-4265-AC3D-256F40B2030F}
	EndGlobalSection
EndGlobal
