
Microsoft Visual Studio Solution File, Format Version 12.00
# Visual Studio Version 16
VisualStudioVersion = 16.0.31624.102
MinimumVisualStudioVersion = 10.0.40219.1
Project("{FAE04EC0-301F-11D3-BF4B-00C04F79EFBC}") = "Phase1Section6.9CB", "Phase1Section6.9CB\Phase1Section6.9CB.csproj", "{1E4959B2-134E-423D-99FB-B62B2CB17358}"
EndProject
Global
	GlobalSection(SolutionConfigurationPlatforms) = preSolution
		Debug|Any CPU = Debug|Any CPU
		Release|Any CPU = Release|Any CPU
	EndGlobalSection
	GlobalSection(ProjectConfigurationPlatforms) = postSolution
		{1E4959B2-134E-423D-99FB-B62B2CB17358}.Debug|Any CPU.ActiveCfg = Debug|Any CPU
		{1E4959B2-134E-423D-99FB-B62B2CB17358}.Debug|Any CPU.Build.0 = Debug|Any CPU
		{1E4959B2-134E-423D-99FB-B62B2CB17358}.Release|Any CPU.ActiveCfg = Release|Any CPU
		{1E4959B2-134E-423D-99FB-B62B2CB17358}.Release|Any CPU.Build.0 = Release|Any CPU
	EndGlobalSection
	GlobalSection(SolutionProperties) = preSolution
		HideSolutionNode = FALSE
	EndGlobalSection
	GlobalSection(ExtensibilityGlobals) = postSolution
		SolutionGuid = {70E1405F-C97D-459B-832E-9527DD918B96}
	EndGlobalSection
EndGlobal
