
Microsoft Visual Studio Solution File, Format Version 12.00
# Visual Studio Version 16
VisualStudioVersion = 16.0.31624.102
MinimumVisualStudioVersion = 10.0.40219.1
Project("{FAE04EC0-301F-11D3-BF4B-00C04F79EFBC}") = "Phase1Section4.4", "Phase1Section4.4\Phase1Section4.4.csproj", "{4436C3A7-25BD-4D20-9E0B-BC1A903ED39E}"
EndProject
Global
	GlobalSection(SolutionConfigurationPlatforms) = preSolution
		Debug|Any CPU = Debug|Any CPU
		Release|Any CPU = Release|Any CPU
	EndGlobalSection
	GlobalSection(ProjectConfigurationPlatforms) = postSolution
		{4436C3A7-25BD-4D20-9E0B-BC1A903ED39E}.Debug|Any CPU.ActiveCfg = Debug|Any CPU
		{4436C3A7-25BD-4D20-9E0B-BC1A903ED39E}.Debug|Any CPU.Build.0 = Debug|Any CPU
		{4436C3A7-25BD-4D20-9E0B-BC1A903ED39E}.Release|Any CPU.ActiveCfg = Release|Any CPU
		{4436C3A7-25BD-4D20-9E0B-BC1A903ED39E}.Release|Any CPU.Build.0 = Release|Any CPU
	EndGlobalSection
	GlobalSection(SolutionProperties) = preSolution
		HideSolutionNode = FALSE
	EndGlobalSection
	GlobalSection(ExtensibilityGlobals) = postSolution
		SolutionGuid = {A19097F9-B97D-41C6-9811-3C7E636043AF}
	EndGlobalSection
EndGlobal
