
Microsoft Visual Studio Solution File, Format Version 12.00
# Visual Studio Version 16
VisualStudioVersion = 16.0.31624.102
MinimumVisualStudioVersion = 10.0.40219.1
Project("{FAE04EC0-301F-11D3-BF4B-00C04F79EFBC}") = "Phase1Section3.4", "Phase1Section3.4\Phase1Section3.4.csproj", "{98EBDD8F-F237-4801-B648-FA1DDD8DCD0C}"
EndProject
Global
	GlobalSection(SolutionConfigurationPlatforms) = preSolution
		Debug|Any CPU = Debug|Any CPU
		Release|Any CPU = Release|Any CPU
	EndGlobalSection
	GlobalSection(ProjectConfigurationPlatforms) = postSolution
		{98EBDD8F-F237-4801-B648-FA1DDD8DCD0C}.Debug|Any CPU.ActiveCfg = Debug|Any CPU
		{98EBDD8F-F237-4801-B648-FA1DDD8DCD0C}.Debug|Any CPU.Build.0 = Debug|Any CPU
		{98EBDD8F-F237-4801-B648-FA1DDD8DCD0C}.Release|Any CPU.ActiveCfg = Release|Any CPU
		{98EBDD8F-F237-4801-B648-FA1DDD8DCD0C}.Release|Any CPU.Build.0 = Release|Any CPU
	EndGlobalSection
	GlobalSection(SolutionProperties) = preSolution
		HideSolutionNode = FALSE
	EndGlobalSection
	GlobalSection(ExtensibilityGlobals) = postSolution
		SolutionGuid = {B2F14EC5-93F5-4FE7-9462-D01984D26065}
	EndGlobalSection
EndGlobal
