
Microsoft Visual Studio Solution File, Format Version 12.00
# Visual Studio Version 16
VisualStudioVersion = 16.0.31624.102
MinimumVisualStudioVersion = 10.0.40219.1
Project("{FAE04EC0-301F-11D3-BF4B-00C04F79EFBC}") = "NuGet-LiveClassWeb", "NuGet-LiveClassWeb\NuGet-LiveClassWeb.csproj", "{F5590ACB-5EB9-429A-888B-15812E2E95CC}"
EndProject
Global
	GlobalSection(SolutionConfigurationPlatforms) = preSolution
		Debug|Any CPU = Debug|Any CPU
		Release|Any CPU = Release|Any CPU
	EndGlobalSection
	GlobalSection(ProjectConfigurationPlatforms) = postSolution
		{F5590ACB-5EB9-429A-888B-15812E2E95CC}.Debug|Any CPU.ActiveCfg = Debug|Any CPU
		{F5590ACB-5EB9-429A-888B-15812E2E95CC}.Debug|Any CPU.Build.0 = Debug|Any CPU
		{F5590ACB-5EB9-429A-888B-15812E2E95CC}.Release|Any CPU.ActiveCfg = Release|Any CPU
		{F5590ACB-5EB9-429A-888B-15812E2E95CC}.Release|Any CPU.Build.0 = Release|Any CPU
	EndGlobalSection
	GlobalSection(SolutionProperties) = preSolution
		HideSolutionNode = FALSE
	EndGlobalSection
	GlobalSection(ExtensibilityGlobals) = postSolution
		SolutionGuid = {7788732C-6437-4F44-A074-60D802E78994}
	EndGlobalSection
EndGlobal
